{
    "cocur/slugify": {
        "version": "v4.0.0"
    },
    "doctrine/data-fixtures": {
        "version": "1.4.3"
    },
    "doctrine/doctrine-fixtures-bundle": {
        "version": "3.0",
        "recipe": {
            "repo": "github.com/symfony/recipes",
            "branch": "master",
            "version": "3.0",
            "ref": "fc52d86631a6dfd9fdf3381d0b7e3df2069e51b3"
        },
        "files": [
            "src/DataFixtures/AppFixtures.php"
        ]
    },
    "jms/metadata": {
        "version": "2.3.0"
    },
    "jms/serializer": {
        "version": "3.8.0"
    },
    "nelmio/cors-bundle": {
        "version": "1.5",
        "recipe": {
            "repo": "github.com/symfony/recipes",
            "branch": "master",
            "version": "1.5",
            "ref": "6388de23860284db9acce0a7a5d9d13153bcb571"
        },
        "files": [
            "config/packages/nelmio_cors.yaml"
        ]
    },
    "php": {
        "version": "7.4"
    }
}
